
Microsoft Visual Studio Solution File, Format Version 12.00
# Visual Studio Version 16
VisualStudioVersion = 16.0.30611.23
MinimumVisualStudioVersion = 15.0.26124.0
Project("{9A19103F-16F7-4668-BE54-9A1E7A4F7556}") = "david.user.login.api", "src\user\david.user.login.api.csproj", "{CFA1BF78-88DC-43AD-93CC-90D91551B11B}"
EndProject
Project("{9A19103F-16F7-4668-BE54-9A1E7A4F7556}") = "david.user.login.tests", "test\david.user.login.tests.csproj", "{73A684BF-D0E2-4E28-AFB2-17A4D99D837A}"
EndProject
Global
	GlobalSection(SolutionConfigurationPlatforms) = preSolution
		Debug|Any CPU = Debug|Any CPU
		Debug|x64 = Debug|x64
		Debug|x86 = Debug|x86
		Release|Any CPU = Release|Any CPU
		Release|x64 = Release|x64
		Release|x86 = Release|x86
	EndGlobalSection
	GlobalSection(ProjectConfigurationPlatforms) = postSolution
		{CFA1BF78-88DC-43AD-93CC-90D91551B11B}.Debug|Any CPU.ActiveCfg = Debug|Any CPU
		{CFA1BF78-88DC-43AD-93CC-90D91551B11B}.Debug|Any CPU.Build.0 = Debug|Any CPU
		{CFA1BF78-88DC-43AD-93CC-90D91551B11B}.Debug|x64.ActiveCfg = Debug|Any CPU
		{CFA1BF78-88DC-43AD-93CC-90D91551B11B}.Debug|x64.Build.0 = Debug|Any CPU
		{CFA1BF78-88DC-43AD-93CC-90D91551B11B}.Debug|x86.ActiveCfg = Debug|Any CPU
		{CFA1BF78-88DC-43AD-93CC-90D91551B11B}.Debug|x86.Build.0 = Debug|Any CPU
		{CFA1BF78-88DC-43AD-93CC-90D91551B11B}.Release|Any CPU.ActiveCfg = Release|Any CPU
		{CFA1BF78-88DC-43AD-93CC-90D91551B11B}.Release|Any CPU.Build.0 = Release|Any CPU
		{CFA1BF78-88DC-43AD-93CC-90D91551B11B}.Release|x64.ActiveCfg = Release|Any CPU
		{CFA1BF78-88DC-43AD-93CC-90D91551B11B}.Release|x64.Build.0 = Release|Any CPU
		{CFA1BF78-88DC-43AD-93CC-90D91551B11B}.Release|x86.ActiveCfg = Release|Any CPU
		{CFA1BF78-88DC-43AD-93CC-90D91551B11B}.Release|x86.Build.0 = Release|Any CPU
		{73A684BF-D0E2-4E28-AFB2-17A4D99D837A}.Debug|Any CPU.ActiveCfg = Debug|Any CPU
		{73A684BF-D0E2-4E28-AFB2-17A4D99D837A}.Debug|Any CPU.Build.0 = Debug|Any CPU
		{73A684BF-D0E2-4E28-AFB2-17A4D99D837A}.Debug|x64.ActiveCfg = Debug|Any CPU
		{73A684BF-D0E2-4E28-AFB2-17A4D99D837A}.Debug|x64.Build.0 = Debug|Any CPU
		{73A684BF-D0E2-4E28-AFB2-17A4D99D837A}.Debug|x86.ActiveCfg = Debug|Any CPU
		{73A684BF-D0E2-4E28-AFB2-17A4D99D837A}.Debug|x86.Build.0 = Debug|Any CPU
		{73A684BF-D0E2-4E28-AFB2-17A4D99D837A}.Release|Any CPU.ActiveCfg = Release|Any CPU
		{73A684BF-D0E2-4E28-AFB2-17A4D99D837A}.Release|Any CPU.Build.0 = Release|Any CPU
		{73A684BF-D0E2-4E28-AFB2-17A4D99D837A}.Release|x64.ActiveCfg = Release|Any CPU
		{73A684BF-D0E2-4E28-AFB2-17A4D99D837A}.Release|x64.Build.0 = Release|Any CPU
		{73A684BF-D0E2-4E28-AFB2-17A4D99D837A}.Release|x86.ActiveCfg = Release|Any CPU
		{73A684BF-D0E2-4E28-AFB2-17A4D99D837A}.Release|x86.Build.0 = Release|Any CPU
	EndGlobalSection
	GlobalSection(SolutionProperties) = preSolution
		HideSolutionNode = FALSE
	EndGlobalSection
	GlobalSection(ExtensibilityGlobals) = postSolution
		SolutionGuid = {85B3A784-FF63-40F2-8D82-5FD721A341E4}
	EndGlobalSection
EndGlobal
